{
  "requires": true,
  "lockfileVersion": 1,
  "dependencies": {
    "coc": {
      "version": "1.0.0",
      "resolved": "https://registry.npmjs.org/coc/-/coc-1.0.0.tgz",
      "integrity": "sha1-87x1T+pg9x1C7OO5fhtCzmGr2wQ="
    },
    "index.js": {
      "version": "0.0.3",
      "resolved": "https://registry.npmjs.org/index.js/-/index.js-0.0.3.tgz",
      "integrity": "sha1-JzOx9IbciQ7QJpiQJPWC2DXFI6w="
    },
    "yarn": {
      "version": "1.22.17",
      "resolved": "https://registry.npmjs.org/yarn/-/yarn-1.22.17.tgz",
      "integrity": "sha512-H0p241BXaH0UN9IeH//RT82tl5PfNraVpSpEoW+ET7lmopNC61eZ+A+IDvU8FM6Go5vx162SncDL8J1ZjRBriQ=="
    }
  }
}
